
Microsoft Visual Studio Solution File, Format Version 12.00
# Visual Studio Version 17
VisualStudioVersion = 17.9.34714.143
MinimumVisualStudioVersion = 10.0.40219.1
Project("{FAE04EC0-301F-11D3-BF4B-00C04F79EFBC}") = "GastroliverWithDb", "GastroliverWithDb.csproj", "{7FB61B99-2631-4C9B-9EDC-34178EEC9E90}"
EndProject
Global
	GlobalSection(SolutionConfigurationPlatforms) = preSolution
		Debug|Any CPU = Debug|Any CPU
		Release|Any CPU = Release|Any CPU
	EndGlobalSection
	GlobalSection(ProjectConfigurationPlatforms) = postSolution
		{7FB61B99-2631-4C9B-9EDC-34178EEC9E90}.Debug|Any CPU.ActiveCfg = Debug|Any CPU
		{7FB61B99-2631-4C9B-9EDC-34178EEC9E90}.Debug|Any CPU.Build.0 = Debug|Any CPU
		{7FB61B99-2631-4C9B-9EDC-34178EEC9E90}.Release|Any CPU.ActiveCfg = Release|Any CPU
		{7FB61B99-2631-4C9B-9EDC-34178EEC9E90}.Release|Any CPU.Build.0 = Release|Any CPU
	EndGlobalSection
	GlobalSection(SolutionProperties) = preSolution
		HideSolutionNode = FALSE
	EndGlobalSection
	GlobalSection(ExtensibilityGlobals) = postSolution
		SolutionGuid = {8DCDE557-56C2-4143-9ADE-B7EF4B141ECB}
	EndGlobalSection
EndGlobal
